
Microsoft Visual Studio Solution File, Format Version 12.00
# Visual Studio 15
VisualStudioVersion = 15.0.27130.2036
MinimumVisualStudioVersion = 10.0.40219.1
Project("{FAE04EC0-301F-11D3-BF4B-00C04F79EFBC}") = "ConsoleApp3", "ConsoleApp3\ConsoleApp3.csproj", "{A7D0006D-62FC-4A70-82AE-A4A899C6B052}"
EndProject
Project("{FAE04EC0-301F-11D3-BF4B-00C04F79EFBC}") = "umnajenie", "umnajenie\umnajenie.csproj", "{429CA85E-E1E7-4668-A986-CE780F845F01}"
EndProject
Global
	GlobalSection(SolutionConfigurationPlatforms) = preSolution
		Debug|Any CPU = Debug|Any CPU
		Release|Any CPU = Release|Any CPU
	EndGlobalSection
	GlobalSection(ProjectConfigurationPlatforms) = postSolution
		{A7D0006D-62FC-4A70-82AE-A4A899C6B052}.Debug|Any CPU.ActiveCfg = Debug|Any CPU
		{A7D0006D-62FC-4A70-82AE-A4A899C6B052}.Debug|Any CPU.Build.0 = Debug|Any CPU
		{A7D0006D-62FC-4A70-82AE-A4A899C6B052}.Release|Any CPU.ActiveCfg = Release|Any CPU
		{A7D0006D-62FC-4A70-82AE-A4A899C6B052}.Release|Any CPU.Build.0 = Release|Any CPU
		{429CA85E-E1E7-4668-A986-CE780F845F01}.Debug|Any CPU.ActiveCfg = Debug|Any CPU
		{429CA85E-E1E7-4668-A986-CE780F845F01}.Debug|Any CPU.Build.0 = Debug|Any CPU
		{429CA85E-E1E7-4668-A986-CE780F845F01}.Release|Any CPU.ActiveCfg = Release|Any CPU
		{429CA85E-E1E7-4668-A986-CE780F845F01}.Release|Any CPU.Build.0 = Release|Any CPU
	EndGlobalSection
	GlobalSection(SolutionProperties) = preSolution
		HideSolutionNode = FALSE
	EndGlobalSection
	GlobalSection(ExtensibilityGlobals) = postSolution
		SolutionGuid = {AE9E4DED-4780-4EEB-9A43-0B3645594C7A}
	EndGlobalSection
EndGlobal
