
Microsoft Visual Studio Solution File, Format Version 12.00
# Visual Studio 15
VisualStudioVersion = 15.0.27130.2036
MinimumVisualStudioVersion = 10.0.40219.1
Project("{FAE04EC0-301F-11D3-BF4B-00C04F79EFBC}") = "Vis C-1", "Vis C-1\Vis C-1.csproj", "{F4101FBC-DD69-4AF2-87B9-AA94A599B982}"
EndProject
Global
	GlobalSection(SolutionConfigurationPlatforms) = preSolution
		Debug|Any CPU = Debug|Any CPU
		Release|Any CPU = Release|Any CPU
	EndGlobalSection
	GlobalSection(ProjectConfigurationPlatforms) = postSolution
		{F4101FBC-DD69-4AF2-87B9-AA94A599B982}.Debug|Any CPU.ActiveCfg = Debug|Any CPU
		{F4101FBC-DD69-4AF2-87B9-AA94A599B982}.Debug|Any CPU.Build.0 = Debug|Any CPU
		{F4101FBC-DD69-4AF2-87B9-AA94A599B982}.Release|Any CPU.ActiveCfg = Release|Any CPU
		{F4101FBC-DD69-4AF2-87B9-AA94A599B982}.Release|Any CPU.Build.0 = Release|Any CPU
	EndGlobalSection
	GlobalSection(SolutionProperties) = preSolution
		HideSolutionNode = FALSE
	EndGlobalSection
	GlobalSection(ExtensibilityGlobals) = postSolution
		SolutionGuid = {386D3FEA-EC3F-4270-986B-DD377F8DB2DD}
	EndGlobalSection
EndGlobal
